{
  "version": 4,
  "terraform_version": "1.1.9",
  "serial": 74,
  "lineage": "c0334ba7-acc1-90ed-fb3f-4423b78c8712",
  "outputs": {
    "public_ip_address": {
      "value": "test-vm: 20.228.194.40",
      "type": "string"
    }
  },
  "resources": [
    {
      "mode": "data",
      "type": "azurerm_public_ip",
      "name": "test-public-ip-data",
      "provider": "provider[\"registry.terraform.io/hashicorp/azurerm\"]",
      "instances": [
        {
          "schema_version": 0,
          "attributes": {
            "allocation_method": "Dynamic",
            "domain_name_label": "",
            "fqdn": "",
            "id": "/subscriptions/4b761aec-fced-4d7c-b322-b2d7455388b2/resourceGroups/test-resources/providers/Microsoft.Network/publicIPAddresses/test-public-ip",
            "idle_timeout_in_minutes": 4,
            "ip_address": "20.228.194.40",
            "ip_tags": {},
            "ip_version": "IPv4",
            "location": "eastus",
            "name": "test-public-ip",
            "resource_group_name": "test-resources",
            "reverse_fqdn": "",
            "sku": "Basic",
            "tags": {
              "environment": "dev"
            },
            "timeouts": null,
            "zones": []
          },
          "sensitive_attributes": []
        }
      ]
    },
    {
      "mode": "managed",
      "type": "azurerm_linux_virtual_machine",
      "name": "test-vm",
      "provider": "provider[\"registry.terraform.io/hashicorp/azurerm\"]",
      "instances": [
        {
          "schema_version": 0,
          "attributes": {
            "additional_capabilities": [],
            "admin_password": null,
            "admin_ssh_key": [
              {
                "public_key": "ssh-rsa AAAAB3NzaC1yc2EAAAADAQABAAABgQDnqjme31hW8/e5l90N19nNbzW7d9WvxeUtAN1wxbPnS34NQ4hmm0Ro2LMtZjaJe7nVRsekbHeefGhyOhzbumk52ds7Pk0OvGXdtvxbivg1at05MuZTfvUZpiCJtBtIb8M7dNsL0r8X4K6OHGnWAehTnmCo4piTE9WkS5PHd/I34SM1f/RhDJ24psZMNUZ8JoUOED8mSWqWH2uDZpcLeq2GQWF9yURedXz6LrGSyrpFUURgRgDrrbxweHKxF8AZpExZDxxvunwUWlWMT2AfFwcz8qg+/KPMV/Jy6BoZMwFu2ExErH6pj8G1pHZUTa2Q8gz95IJzhs0OqOgJjvZO5YryR3kWPj+17Sdkz76EP6oac+hC0hOSxi0hIiQglGIMsFK1v9+xkad4whz1RaYe75bWNHwvxrYhv/OFwNgPFvUM44fTAZDDDvScpkfrzXLQrfbadyNuq9rkayZKixBlFBnCSdg1AAH3/2BL3LTP0vLORT/qQ9D2jd9SutuUKg7I6lc= electi22@Anthonys-MacBook-Pro.local\n",
                "username": "adminuser"
              }
            ],
            "admin_username": "adminuser",
            "allow_extension_operations": true,
            "availability_set_id": "",
            "boot_diagnostics": [],
            "computer_name": "test-vm",
            "custom_data": "IyEvYmluL2Jhc2gKc3VkbyBhcHQtZ2V0IHVwZGF0ZSAteSAmJgpzdWRvIGFwdC1nZXQgaW5zdGFsbCAteSBcCmFwdC10cmFuc3BvcnQtaHR0cHMgXApjYS1jZXJ0aWZpY2F0ZXMgXApjdXJsIFwKZ251cGctYWdlbnQgXApzb2Z0d2FyZS1wcm9wZXJ0aWVzLWNvbW1vbiAmJgpjdXJsIC1mc1NMIGh0dHBzOi8vZG93bmxvYWQuZG9ja2VyLmNvbS9saW51eC91YnVudHUvZ3BnIHwgc3VkbyBhcHQta2V5IGFkZCAtICYmCnN1ZG8gYWRkLWFwdC1yZXBvc2l0b3J5ICJkZWIgW2FyY2g9YW1kNjRdIGh0dHBzOi8vZG93bmxvYWQuZG9ja2VyLmNvbS9saW51eC91YnVudHUgJChsc2JfcmVsZWFzZSAtY3MpIHN0YWJsZSIgJiYKc3VkbyBhcHQtZ2V0IHVwZGF0ZSAteSAmJgpzdWRvIHN1ZG8gYXB0LWdldCBpbnN0YWxsIGRvY2tlci1jZSBkb2NrZXItY2UtY2xpIGNvbnRhaW5lcmQuaW8gLXkgJiYKc3VkbyB1c2VybW9kIC1hRyBkb2NrZXIgYWRtaW51c2Vy",
            "dedicated_host_group_id": "",
            "dedicated_host_id": "",
            "disable_password_authentication": true,
            "edge_zone": "",
            "encryption_at_host_enabled": false,
            "eviction_policy": "",
            "extensions_time_budget": "PT1H30M",
            "id": "/subscriptions/4b761aec-fced-4d7c-b322-b2d7455388b2/resourceGroups/test-resources/providers/Microsoft.Compute/virtualMachines/test-vm",
            "identity": [],
            "license_type": "",
            "location": "eastus",
            "max_bid_price": -1,
            "name": "test-vm",
            "network_interface_ids": [
              "/subscriptions/4b761aec-fced-4d7c-b322-b2d7455388b2/resourceGroups/test-resources/providers/Microsoft.Network/networkInterfaces/test-nic"
            ],
            "os_disk": [
              {
                "caching": "ReadWrite",
                "diff_disk_settings": [],
                "disk_encryption_set_id": "",
                "disk_size_gb": 30,
                "name": "test-vm_OsDisk_1_75386f1ca06d49319aee9d83d8f743ef",
                "storage_account_type": "Standard_LRS",
                "write_accelerator_enabled": false
              }
            ],
            "patch_mode": "ImageDefault",
            "plan": [],
            "platform_fault_domain": -1,
            "priority": "Regular",
            "private_ip_address": "10.123.1.4",
            "private_ip_addresses": [
              "10.123.1.4"
            ],
            "provision_vm_agent": true,
            "proximity_placement_group_id": "",
            "public_ip_address": "20.228.194.40",
            "public_ip_addresses": [
              "20.228.194.40"
            ],
            "resource_group_name": "test-resources",
            "secret": [],
            "secure_boot_enabled": false,
            "size": "Standard_B1s",
            "source_image_id": "",
            "source_image_reference": [
              {
                "offer": "UbuntuServer",
                "publisher": "Canonical",
                "sku": "18.04-LTS",
                "version": "latest"
              }
            ],
            "tags": {
              "environment": "dev"
            },
            "termination_notification": [],
            "timeouts": null,
            "user_data": "",
            "virtual_machine_id": "a80c491f-cf9f-4251-a7aa-32849c2fceda",
            "virtual_machine_scale_set_id": "",
            "vtpm_enabled": false,
            "zone": ""
          },
          "sensitive_attributes": [],
          "private": "eyJlMmJmYjczMC1lY2FhLTExZTYtOGY4OC0zNDM2M2JjN2M0YzAiOnsiY3JlYXRlIjoyNzAwMDAwMDAwMDAwLCJkZWxldGUiOjI3MDAwMDAwMDAwMDAsInJlYWQiOjMwMDAwMDAwMDAwMCwidXBkYXRlIjoyNzAwMDAwMDAwMDAwfX0=",
          "dependencies": [
            "azurerm_network_interface.test-nic",
            "azurerm_public_ip.test-public-ip",
            "azurerm_resource_group.test-rg",
            "azurerm_subnet.test-subnet",
            "azurerm_virtual_network.test-vn"
          ]
        }
      ]
    },
    {
      "mode": "managed",
      "type": "azurerm_network_interface",
      "name": "test-nic",
      "provider": "provider[\"registry.terraform.io/hashicorp/azurerm\"]",
      "instances": [
        {
          "schema_version": 0,
          "attributes": {
            "applied_dns_servers": [],
            "dns_servers": [],
            "edge_zone": "",
            "enable_accelerated_networking": false,
            "enable_ip_forwarding": false,
            "id": "/subscriptions/4b761aec-fced-4d7c-b322-b2d7455388b2/resourceGroups/test-resources/providers/Microsoft.Network/networkInterfaces/test-nic",
            "internal_dns_name_label": "",
            "internal_domain_name_suffix": "agx02owycjye3psftl4nq02hnd.bx.internal.cloudapp.net",
            "ip_configuration": [
              {
                "gateway_load_balancer_frontend_ip_configuration_id": "",
                "name": "Internal",
                "primary": true,
                "private_ip_address": "10.123.1.4",
                "private_ip_address_allocation": "Dynamic",
                "private_ip_address_version": "IPv4",
                "public_ip_address_id": "/subscriptions/4b761aec-fced-4d7c-b322-b2d7455388b2/resourceGroups/test-resources/providers/Microsoft.Network/publicIPAddresses/test-public-ip",
                "subnet_id": "/subscriptions/4b761aec-fced-4d7c-b322-b2d7455388b2/resourceGroups/test-resources/providers/Microsoft.Network/virtualNetworks/test-network/subnets/test-subnet"
              }
            ],
            "location": "eastus",
            "mac_address": "00-0D-3A-56-BF-ED",
            "name": "test-nic",
            "private_ip_address": "10.123.1.4",
            "private_ip_addresses": [
              "10.123.1.4"
            ],
            "resource_group_name": "test-resources",
            "tags": {
              "environment": "dev"
            },
            "timeouts": null,
            "virtual_machine_id": "/subscriptions/4b761aec-fced-4d7c-b322-b2d7455388b2/resourceGroups/test-resources/providers/Microsoft.Compute/virtualMachines/test-vm"
          },
          "sensitive_attributes": [],
          "private": "eyJlMmJmYjczMC1lY2FhLTExZTYtOGY4OC0zNDM2M2JjN2M0YzAiOnsiY3JlYXRlIjoxODAwMDAwMDAwMDAwLCJkZWxldGUiOjE4MDAwMDAwMDAwMDAsInJlYWQiOjMwMDAwMDAwMDAwMCwidXBkYXRlIjoxODAwMDAwMDAwMDAwfX0=",
          "dependencies": [
            "azurerm_public_ip.test-public-ip",
            "azurerm_resource_group.test-rg",
            "azurerm_subnet.test-subnet",
            "azurerm_virtual_network.test-vn"
          ]
        }
      ]
    },
    {
      "mode": "managed",
      "type": "azurerm_network_security_group",
      "name": "test-sg",
      "provider": "provider[\"registry.terraform.io/hashicorp/azurerm\"]",
      "instances": [
        {
          "schema_version": 0,
          "attributes": {
            "id": "/subscriptions/4b761aec-fced-4d7c-b322-b2d7455388b2/resourceGroups/test-resources/providers/Microsoft.Network/networkSecurityGroups/test-sg",
            "location": "eastus",
            "name": "test-sg",
            "resource_group_name": "test-resources",
            "security_rule": [
              {
                "access": "Allow",
                "description": "",
                "destination_address_prefix": "*",
                "destination_address_prefixes": [],
                "destination_application_security_group_ids": [],
                "destination_port_range": "*",
                "destination_port_ranges": [],
                "direction": "Inbound",
                "name": "test-dev-rule",
                "priority": 100,
                "protocol": "*",
                "source_address_prefix": "73.115.239.96/32",
                "source_address_prefixes": [],
                "source_application_security_group_ids": [],
                "source_port_range": "*",
                "source_port_ranges": []
              }
            ],
            "tags": {
              "environment": "dev"
            },
            "timeouts": null
          },
          "sensitive_attributes": [],
          "private": "eyJlMmJmYjczMC1lY2FhLTExZTYtOGY4OC0zNDM2M2JjN2M0YzAiOnsiY3JlYXRlIjoxODAwMDAwMDAwMDAwLCJkZWxldGUiOjE4MDAwMDAwMDAwMDAsInJlYWQiOjMwMDAwMDAwMDAwMCwidXBkYXRlIjoxODAwMDAwMDAwMDAwfX0=",
          "dependencies": [
            "azurerm_resource_group.test-rg"
          ]
        }
      ]
    },
    {
      "mode": "managed",
      "type": "azurerm_network_security_rule",
      "name": "test-dev-rule",
      "provider": "provider[\"registry.terraform.io/hashicorp/azurerm\"]",
      "instances": [
        {
          "schema_version": 0,
          "attributes": {
            "access": "Allow",
            "description": "",
            "destination_address_prefix": "*",
            "destination_address_prefixes": [],
            "destination_application_security_group_ids": [],
            "destination_port_range": "*",
            "destination_port_ranges": [],
            "direction": "Inbound",
            "id": "/subscriptions/4b761aec-fced-4d7c-b322-b2d7455388b2/resourceGroups/test-resources/providers/Microsoft.Network/networkSecurityGroups/test-sg/securityRules/test-dev-rule",
            "name": "test-dev-rule",
            "network_security_group_name": "test-sg",
            "priority": 100,
            "protocol": "*",
            "resource_group_name": "test-resources",
            "source_address_prefix": "73.115.239.96/32",
            "source_address_prefixes": [],
            "source_application_security_group_ids": [],
            "source_port_range": "*",
            "source_port_ranges": [],
            "timeouts": null
          },
          "sensitive_attributes": [],
          "private": "eyJlMmJmYjczMC1lY2FhLTExZTYtOGY4OC0zNDM2M2JjN2M0YzAiOnsiY3JlYXRlIjoxODAwMDAwMDAwMDAwLCJkZWxldGUiOjE4MDAwMDAwMDAwMDAsInJlYWQiOjMwMDAwMDAwMDAwMCwidXBkYXRlIjoxODAwMDAwMDAwMDAwfX0=",
          "dependencies": [
            "azurerm_network_security_group.test-sg",
            "azurerm_resource_group.test-rg"
          ]
        }
      ]
    },
    {
      "mode": "managed",
      "type": "azurerm_public_ip",
      "name": "test-public-ip",
      "provider": "provider[\"registry.terraform.io/hashicorp/azurerm\"]",
      "instances": [
        {
          "schema_version": 0,
          "attributes": {
            "allocation_method": "Dynamic",
            "domain_name_label": null,
            "edge_zone": "",
            "fqdn": null,
            "id": "/subscriptions/4b761aec-fced-4d7c-b322-b2d7455388b2/resourceGroups/test-resources/providers/Microsoft.Network/publicIPAddresses/test-public-ip",
            "idle_timeout_in_minutes": 4,
            "ip_address": "20.228.194.40",
            "ip_tags": {},
            "ip_version": "IPv4",
            "location": "eastus",
            "name": "test-public-ip",
            "public_ip_prefix_id": null,
            "resource_group_name": "test-resources",
            "reverse_fqdn": null,
            "sku": "Basic",
            "sku_tier": "Regional",
            "tags": {
              "environment": "dev"
            },
            "timeouts": null,
            "zones": []
          },
          "sensitive_attributes": [],
          "private": "eyJlMmJmYjczMC1lY2FhLTExZTYtOGY4OC0zNDM2M2JjN2M0YzAiOnsiY3JlYXRlIjoxODAwMDAwMDAwMDAwLCJkZWxldGUiOjE4MDAwMDAwMDAwMDAsInJlYWQiOjMwMDAwMDAwMDAwMCwidXBkYXRlIjoxODAwMDAwMDAwMDAwfX0=",
          "dependencies": [
            "azurerm_resource_group.test-rg"
          ]
        }
      ]
    },
    {
      "mode": "managed",
      "type": "azurerm_resource_group",
      "name": "test-rg",
      "provider": "provider[\"registry.terraform.io/hashicorp/azurerm\"]",
      "instances": [
        {
          "schema_version": 0,
          "attributes": {
            "id": "/subscriptions/4b761aec-fced-4d7c-b322-b2d7455388b2/resourceGroups/test-resources",
            "location": "eastus",
            "name": "test-resources",
            "tags": {
              "environment": "dev"
            },
            "timeouts": null
          },
          "sensitive_attributes": [],
          "private": "eyJlMmJmYjczMC1lY2FhLTExZTYtOGY4OC0zNDM2M2JjN2M0YzAiOnsiY3JlYXRlIjo1NDAwMDAwMDAwMDAwLCJkZWxldGUiOjU0MDAwMDAwMDAwMDAsInJlYWQiOjMwMDAwMDAwMDAwMCwidXBkYXRlIjo1NDAwMDAwMDAwMDAwfX0="
        }
      ]
    },
    {
      "mode": "managed",
      "type": "azurerm_subnet",
      "name": "test-subnet",
      "provider": "provider[\"registry.terraform.io/hashicorp/azurerm\"]",
      "instances": [
        {
          "schema_version": 0,
          "attributes": {
            "address_prefixes": [
              "10.123.1.0/24"
            ],
            "delegation": [],
            "enforce_private_link_endpoint_network_policies": false,
            "enforce_private_link_service_network_policies": false,
            "id": "/subscriptions/4b761aec-fced-4d7c-b322-b2d7455388b2/resourceGroups/test-resources/providers/Microsoft.Network/virtualNetworks/test-network/subnets/test-subnet",
            "name": "test-subnet",
            "resource_group_name": "test-resources",
            "service_endpoint_policy_ids": [],
            "service_endpoints": [],
            "timeouts": null,
            "virtual_network_name": "test-network"
          },
          "sensitive_attributes": [],
          "private": "eyJlMmJmYjczMC1lY2FhLTExZTYtOGY4OC0zNDM2M2JjN2M0YzAiOnsiY3JlYXRlIjoxODAwMDAwMDAwMDAwLCJkZWxldGUiOjE4MDAwMDAwMDAwMDAsInJlYWQiOjMwMDAwMDAwMDAwMCwidXBkYXRlIjoxODAwMDAwMDAwMDAwfX0=",
          "dependencies": [
            "azurerm_resource_group.test-rg",
            "azurerm_virtual_network.test-vn"
          ]
        }
      ]
    },
    {
      "mode": "managed",
      "type": "azurerm_subnet_network_security_group_association",
      "name": "test-sga",
      "provider": "provider[\"registry.terraform.io/hashicorp/azurerm\"]",
      "instances": [
        {
          "schema_version": 0,
          "attributes": {
            "id": "/subscriptions/4b761aec-fced-4d7c-b322-b2d7455388b2/resourceGroups/test-resources/providers/Microsoft.Network/virtualNetworks/test-network/subnets/test-subnet",
            "network_security_group_id": "/subscriptions/4b761aec-fced-4d7c-b322-b2d7455388b2/resourceGroups/test-resources/providers/Microsoft.Network/networkSecurityGroups/test-sg",
            "subnet_id": "/subscriptions/4b761aec-fced-4d7c-b322-b2d7455388b2/resourceGroups/test-resources/providers/Microsoft.Network/virtualNetworks/test-network/subnets/test-subnet",
            "timeouts": null
          },
          "sensitive_attributes": [],
          "private": "eyJlMmJmYjczMC1lY2FhLTExZTYtOGY4OC0zNDM2M2JjN2M0YzAiOnsiY3JlYXRlIjoxODAwMDAwMDAwMDAwLCJkZWxldGUiOjE4MDAwMDAwMDAwMDAsInJlYWQiOjMwMDAwMDAwMDAwMCwidXBkYXRlIjoxODAwMDAwMDAwMDAwfX0=",
          "dependencies": [
            "azurerm_network_security_group.test-sg",
            "azurerm_resource_group.test-rg",
            "azurerm_subnet.test-subnet",
            "azurerm_virtual_network.test-vn"
          ]
        }
      ]
    },
    {
      "mode": "managed",
      "type": "azurerm_virtual_network",
      "name": "test-vn",
      "provider": "provider[\"registry.terraform.io/hashicorp/azurerm\"]",
      "instances": [
        {
          "schema_version": 0,
          "attributes": {
            "address_space": [
              "10.123.0.0/16"
            ],
            "bgp_community": "",
            "ddos_protection_plan": [],
            "dns_servers": [],
            "edge_zone": "",
            "flow_timeout_in_minutes": 0,
            "guid": "3aaeaf01-12d8-4e70-be45-9afcd86b876b",
            "id": "/subscriptions/4b761aec-fced-4d7c-b322-b2d7455388b2/resourceGroups/test-resources/providers/Microsoft.Network/virtualNetworks/test-network",
            "location": "eastus",
            "name": "test-network",
            "resource_group_name": "test-resources",
            "subnet": [
              {
                "address_prefix": "10.123.1.0/24",
                "id": "/subscriptions/4b761aec-fced-4d7c-b322-b2d7455388b2/resourceGroups/test-resources/providers/Microsoft.Network/virtualNetworks/test-network/subnets/test-subnet",
                "name": "test-subnet",
                "security_group": "/subscriptions/4b761aec-fced-4d7c-b322-b2d7455388b2/resourceGroups/test-resources/providers/Microsoft.Network/networkSecurityGroups/test-sg"
              }
            ],
            "tags": {
              "environment": "dev"
            },
            "timeouts": null
          },
          "sensitive_attributes": [],
          "private": "eyJlMmJmYjczMC1lY2FhLTExZTYtOGY4OC0zNDM2M2JjN2M0YzAiOnsiY3JlYXRlIjoxODAwMDAwMDAwMDAwLCJkZWxldGUiOjE4MDAwMDAwMDAwMDAsInJlYWQiOjMwMDAwMDAwMDAwMCwidXBkYXRlIjoxODAwMDAwMDAwMDAwfX0=",
          "dependencies": [
            "azurerm_resource_group.test-rg"
          ]
        }
      ]
    }
  ]
}
